
Microsoft Visual Studio Solution File, Format Version 12.00
# Visual Studio Version 17
VisualStudioVersion = 17.3.32819.101
MinimumVisualStudioVersion = 10.0.40219.1
Project("{FAE04EC0-301F-11D3-BF4B-00C04F79EFBC}") = "sort", "sort\sort.csproj", "{909567A8-7FF8-4FCE-A02E-E1E348206CF8}"
EndProject
Global
	GlobalSection(SolutionConfigurationPlatforms) = preSolution
		Debug|Any CPU = Debug|Any CPU
		Release|Any CPU = Release|Any CPU
	EndGlobalSection
	GlobalSection(ProjectConfigurationPlatforms) = postSolution
		{909567A8-7FF8-4FCE-A02E-E1E348206CF8}.Debug|Any CPU.ActiveCfg = Debug|Any CPU
		{909567A8-7FF8-4FCE-A02E-E1E348206CF8}.Debug|Any CPU.Build.0 = Debug|Any CPU
		{909567A8-7FF8-4FCE-A02E-E1E348206CF8}.Release|Any CPU.ActiveCfg = Release|Any CPU
		{909567A8-7FF8-4FCE-A02E-E1E348206CF8}.Release|Any CPU.Build.0 = Release|Any CPU
	EndGlobalSection
	GlobalSection(SolutionProperties) = preSolution
		HideSolutionNode = FALSE
	EndGlobalSection
	GlobalSection(ExtensibilityGlobals) = postSolution
		SolutionGuid = {FD47CAAB-CEF9-499F-ABD1-B14FD53146F6}
	EndGlobalSection
EndGlobal
